{
  "name": "hrefjs-lite",
  "version": "1.0.6",
  "lockfileVersion": 2,
  "requires": true,
  "packages": {
    "": {
      "name": "hrefjs-lite",
      "version": "1.0.6",
      "license": "MIT",
      "devDependencies": {
        "uglify-js": "^3.12.1"
      }
    },
    "node_modules/uglify-js": {
      "version": "3.12.1",
      "resolved": "https://registry.npm.taobao.org/uglify-js/download/uglify-js-3.12.1.tgz?cache=0&sync_timestamp=1606763351457&other_urls=https%3A%2F%2Fregistry.npm.taobao.org%2Fuglify-js%2Fdownload%2Fuglify-js-3.12.1.tgz",
      "integrity": "sha1-eDB/U597nKVVe6uxhup4rTDMA3U=",
      "dev": true,
      "bin": {
        "uglifyjs": "bin/uglifyjs"
      },
      "engines": {
        "node": ">=0.8.0"
      }
    }
  },
  "dependencies": {
    "uglify-js": {
      "version": "3.12.1",
      "resolved": "https://registry.npm.taobao.org/uglify-js/download/uglify-js-3.12.1.tgz?cache=0&sync_timestamp=1606763351457&other_urls=https%3A%2F%2Fregistry.npm.taobao.org%2Fuglify-js%2Fdownload%2Fuglify-js-3.12.1.tgz",
      "integrity": "sha1-eDB/U597nKVVe6uxhup4rTDMA3U=",
      "dev": true
    }
  }
}
